
Microsoft Visual Studio Solution File, Format Version 12.00
# Visual Studio 2017
Project("{FAE04EC0-301F-11D3-BF4B-00C04F79EFBC}") = "MR-Test", "MR-Test.csproj", "{C777A7EF-D3CC-7D5F-513B-E2C38DD5DDC8}"
EndProject
Project("{FAE04EC0-301F-11D3-BF4B-00C04F79EFBC}") = "MR-Test.Editor", "MR-Test.Editor.csproj", "{F06A1CC6-3CC5-8723-F262-EEB772802F23}"
EndProject
Global
	GlobalSection(SolutionConfigurationPlatforms) = preSolution
		Debug|Any CPU = Debug|Any CPU
		Release|Any CPU = Release|Any CPU
	EndGlobalSection
	GlobalSection(ProjectConfigurationPlatforms) = postSolution
		{C777A7EF-D3CC-7D5F-513B-E2C38DD5DDC8}.Debug|Any CPU.ActiveCfg = Debug|Any CPU
		{C777A7EF-D3CC-7D5F-513B-E2C38DD5DDC8}.Debug|Any CPU.Build.0 = Debug|Any CPU
		{C777A7EF-D3CC-7D5F-513B-E2C38DD5DDC8}.Release|Any CPU.ActiveCfg = Release|Any CPU
		{C777A7EF-D3CC-7D5F-513B-E2C38DD5DDC8}.Release|Any CPU.Build.0 = Release|Any CPU
		{F06A1CC6-3CC5-8723-F262-EEB772802F23}.Debug|Any CPU.ActiveCfg = Debug|Any CPU
		{F06A1CC6-3CC5-8723-F262-EEB772802F23}.Debug|Any CPU.Build.0 = Debug|Any CPU
		{F06A1CC6-3CC5-8723-F262-EEB772802F23}.Release|Any CPU.ActiveCfg = Release|Any CPU
		{F06A1CC6-3CC5-8723-F262-EEB772802F23}.Release|Any CPU.Build.0 = Release|Any CPU
	EndGlobalSection
	GlobalSection(SolutionProperties) = preSolution
		HideSolutionNode = FALSE
	EndGlobalSection
EndGlobal
